
Microsoft Visual Studio Solution File, Format Version 12.00
# Visual Studio Version 17
VisualStudioVersion = 17.11.35208.52
MinimumVisualStudioVersion = 10.0.40219.1
Project("{9A19103F-16F7-4668-BE54-9A1E7A4F7556}") = "Api", "Api\Api.csproj", "{ED19EFF9-8216-452C-BED5-8A5A0173FF52}"
EndProject
Project("{9A19103F-16F7-4668-BE54-9A1E7A4F7556}") = "Data", "Data\Data.csproj", "{35EF42DB-B39E-4276-8876-AA9A7FD0CF34}"
EndProject
Project("{9A19103F-16F7-4668-BE54-9A1E7A4F7556}") = "Utilities", "Utilities\Utilities.csproj", "{1F626139-66C1-4833-B889-48ECADDC05B0}"
EndProject
Project("{9A19103F-16F7-4668-BE54-9A1E7A4F7556}") = "Services", "Services\Services.csproj", "{043B3C57-59D5-4F32-98FD-0EE9447B0B8C}"
EndProject
Project("{FAE04EC0-301F-11D3-BF4B-00C04F79EFBC}") = "Admin", "Admin\Admin.csproj", "{0A025BF3-F920-42F8-814C-E0BF9AB4E336}"
EndProject
Global
	GlobalSection(SolutionConfigurationPlatforms) = preSolution
		Debug|Any CPU = Debug|Any CPU
		Release|Any CPU = Release|Any CPU
	EndGlobalSection
	GlobalSection(ProjectConfigurationPlatforms) = postSolution
		{ED19EFF9-8216-452C-BED5-8A5A0173FF52}.Debug|Any CPU.ActiveCfg = Debug|Any CPU
		{ED19EFF9-8216-452C-BED5-8A5A0173FF52}.Debug|Any CPU.Build.0 = Debug|Any CPU
		{ED19EFF9-8216-452C-BED5-8A5A0173FF52}.Release|Any CPU.ActiveCfg = Release|Any CPU
		{ED19EFF9-8216-452C-BED5-8A5A0173FF52}.Release|Any CPU.Build.0 = Release|Any CPU
		{35EF42DB-B39E-4276-8876-AA9A7FD0CF34}.Debug|Any CPU.ActiveCfg = Debug|Any CPU
		{35EF42DB-B39E-4276-8876-AA9A7FD0CF34}.Debug|Any CPU.Build.0 = Debug|Any CPU
		{35EF42DB-B39E-4276-8876-AA9A7FD0CF34}.Release|Any CPU.ActiveCfg = Release|Any CPU
		{35EF42DB-B39E-4276-8876-AA9A7FD0CF34}.Release|Any CPU.Build.0 = Release|Any CPU
		{1F626139-66C1-4833-B889-48ECADDC05B0}.Debug|Any CPU.ActiveCfg = Debug|Any CPU
		{1F626139-66C1-4833-B889-48ECADDC05B0}.Debug|Any CPU.Build.0 = Debug|Any CPU
		{1F626139-66C1-4833-B889-48ECADDC05B0}.Release|Any CPU.ActiveCfg = Release|Any CPU
		{1F626139-66C1-4833-B889-48ECADDC05B0}.Release|Any CPU.Build.0 = Release|Any CPU
		{043B3C57-59D5-4F32-98FD-0EE9447B0B8C}.Debug|Any CPU.ActiveCfg = Debug|Any CPU
		{043B3C57-59D5-4F32-98FD-0EE9447B0B8C}.Debug|Any CPU.Build.0 = Debug|Any CPU
		{043B3C57-59D5-4F32-98FD-0EE9447B0B8C}.Release|Any CPU.ActiveCfg = Release|Any CPU
		{043B3C57-59D5-4F32-98FD-0EE9447B0B8C}.Release|Any CPU.Build.0 = Release|Any CPU
		{0A025BF3-F920-42F8-814C-E0BF9AB4E336}.Debug|Any CPU.ActiveCfg = Debug|Any CPU
		{0A025BF3-F920-42F8-814C-E0BF9AB4E336}.Debug|Any CPU.Build.0 = Debug|Any CPU
		{0A025BF3-F920-42F8-814C-E0BF9AB4E336}.Release|Any CPU.ActiveCfg = Release|Any CPU
		{0A025BF3-F920-42F8-814C-E0BF9AB4E336}.Release|Any CPU.Build.0 = Release|Any CPU
	EndGlobalSection
	GlobalSection(SolutionProperties) = preSolution
		HideSolutionNode = FALSE
	EndGlobalSection
	GlobalSection(ExtensibilityGlobals) = postSolution
		SolutionGuid = {255B42B4-2E2A-4480-BD41-175323B49F67}
	EndGlobalSection
EndGlobal
